
Microsoft Visual Studio Solution File, Format Version 12.00
# Visual Studio Version 16
VisualStudioVersion = 16.0.33130.400
MinimumVisualStudioVersion = 10.0.40219.1
Project("{FAE04EC0-301F-11D3-BF4B-00C04F79EFBC}") = "ParkingManagement", "ParkingManagement\ParkingManagement.csproj", "{A28CCE14-72F9-4AC1-8EF5-13C5B70D5257}"
EndProject
Project("{FAE04EC0-301F-11D3-BF4B-00C04F79EFBC}") = "ParkingManagement.Models", "ParkingManagement.Models\ParkingManagement.Models.csproj", "{26990832-05AF-4B26-9224-EC5BE7215BED}"
EndProject
Project("{FAE04EC0-301F-11D3-BF4B-00C04F79EFBC}") = "ParkingManagement.Servises", "ParkingManagement.Servises\ParkingManagement.Servises.csproj", "{D389247A-11BF-4382-838E-1C741F85BFF3}"
EndProject
Project("{FAE04EC0-301F-11D3-BF4B-00C04F79EFBC}") = "ParkingManagement.Common", "ParkingManagement.Common\ParkingManagement.Common.csproj", "{E9A6FE63-0312-478D-845C-C9A3315BF109}"
EndProject
Global
	GlobalSection(SolutionConfigurationPlatforms) = preSolution
		Debug|Any CPU = Debug|Any CPU
		Release|Any CPU = Release|Any CPU
	EndGlobalSection
	GlobalSection(ProjectConfigurationPlatforms) = postSolution
		{A28CCE14-72F9-4AC1-8EF5-13C5B70D5257}.Debug|Any CPU.ActiveCfg = Debug|Any CPU
		{A28CCE14-72F9-4AC1-8EF5-13C5B70D5257}.Debug|Any CPU.Build.0 = Debug|Any CPU
		{A28CCE14-72F9-4AC1-8EF5-13C5B70D5257}.Release|Any CPU.ActiveCfg = Release|Any CPU
		{A28CCE14-72F9-4AC1-8EF5-13C5B70D5257}.Release|Any CPU.Build.0 = Release|Any CPU
		{26990832-05AF-4B26-9224-EC5BE7215BED}.Debug|Any CPU.ActiveCfg = Debug|Any CPU
		{26990832-05AF-4B26-9224-EC5BE7215BED}.Debug|Any CPU.Build.0 = Debug|Any CPU
		{26990832-05AF-4B26-9224-EC5BE7215BED}.Release|Any CPU.ActiveCfg = Release|Any CPU
		{26990832-05AF-4B26-9224-EC5BE7215BED}.Release|Any CPU.Build.0 = Release|Any CPU
		{D389247A-11BF-4382-838E-1C741F85BFF3}.Debug|Any CPU.ActiveCfg = Debug|Any CPU
		{D389247A-11BF-4382-838E-1C741F85BFF3}.Debug|Any CPU.Build.0 = Debug|Any CPU
		{D389247A-11BF-4382-838E-1C741F85BFF3}.Release|Any CPU.ActiveCfg = Release|Any CPU
		{D389247A-11BF-4382-838E-1C741F85BFF3}.Release|Any CPU.Build.0 = Release|Any CPU
		{E9A6FE63-0312-478D-845C-C9A3315BF109}.Debug|Any CPU.ActiveCfg = Debug|Any CPU
		{E9A6FE63-0312-478D-845C-C9A3315BF109}.Debug|Any CPU.Build.0 = Debug|Any CPU
		{E9A6FE63-0312-478D-845C-C9A3315BF109}.Release|Any CPU.ActiveCfg = Release|Any CPU
		{E9A6FE63-0312-478D-845C-C9A3315BF109}.Release|Any CPU.Build.0 = Release|Any CPU
	EndGlobalSection
	GlobalSection(SolutionProperties) = preSolution
		HideSolutionNode = FALSE
	EndGlobalSection
	GlobalSection(ExtensibilityGlobals) = postSolution
		SolutionGuid = {00D39566-7FF7-485A-882B-98C937B3D827}
	EndGlobalSection
EndGlobal
